
Microsoft Visual Studio Solution File, Format Version 12.00
# Visual Studio 15
VisualStudioVersion = 15.0.28307.572
MinimumVisualStudioVersion = 10.0.40219.1
Project("{FAE04EC0-301F-11D3-BF4B-00C04F79EFBC}") = "Shapes", "Shapes\Shapes.csproj", "{AB96320D-17E3-48BA-A30C-461018A882F4}"
EndProject
Global
	GlobalSection(SolutionConfigurationPlatforms) = preSolution
		Debug|Any CPU = Debug|Any CPU
		Release|Any CPU = Release|Any CPU
	EndGlobalSection
	GlobalSection(ProjectConfigurationPlatforms) = postSolution
		{AB96320D-17E3-48BA-A30C-461018A882F4}.Debug|Any CPU.ActiveCfg = Debug|Any CPU
		{AB96320D-17E3-48BA-A30C-461018A882F4}.Debug|Any CPU.Build.0 = Debug|Any CPU
		{AB96320D-17E3-48BA-A30C-461018A882F4}.Release|Any CPU.ActiveCfg = Release|Any CPU
		{AB96320D-17E3-48BA-A30C-461018A882F4}.Release|Any CPU.Build.0 = Release|Any CPU
	EndGlobalSection
	GlobalSection(SolutionProperties) = preSolution
		HideSolutionNode = FALSE
	EndGlobalSection
	GlobalSection(ExtensibilityGlobals) = postSolution
		SolutionGuid = {6E311C7D-3E2E-40BA-A4D9-77E1009DC0BB}
	EndGlobalSection
EndGlobal
